<Solution>
  <Folder Name="/apps/">
    <Project Path="apps/orders-api/orders-api.csproj" />
  </Folder>
  <Folder Name="/libs/">
    <Project Path="libs/application/application.csproj" />
    <Project Path="libs/domain/domain.csproj" />
    <Project Path="libs/shared/shared.csproj" />
  </Folder>
</Solution>
